{
  "version": 4,
  "terraform_version": "1.0.0",
  "serial": 15,
  "lineage": "80327fbc-6afb-cc46-8132-5775e7cbabfc",
  "outputs": {},
  "resources": [
    {
      "mode": "managed",
      "type": "azurerm_linux_virtual_machine",
      "name": "cloudiq_vm",
      "provider": "provider[\"registry.terraform.io/hashicorp/azurerm\"]",
      "instances": [
        {
          "index_key": 0,
          "schema_version": 0,
          "attributes": {
            "additional_capabilities": [],
            "admin_password": null,
            "admin_ssh_key": [
              {
                "public_key": "ssh-rsa AAAAB3NzaC1yc2EAAAADAQABAAABgQDf6SmtHGye5eSQmoaPNax9gP+mw+bBoitD0jpmBOVQczrWaem6XtRsiMUaZ/vc5GBNIDfoTcFqGPsoEZwmbTCj7rc3EtGZ3OLMfBpxy3mEb6q2tvfjuJf2rIzYCeRkhsdibaO2piuw5LceenEmqjqNqfFt62Kq5rAhuPJw/r0q6MKr0fL/28bWQaOrlWpF+P/9awZPmuNRTryFJ8AqmJEhs9dXglf+4fXD2CT7cI3tSB9+JGSxzdkcZi1tuxD0jFJcT/cNXW414c4Mz3N4KKh9U/ZDTNW5iRjuNfsSA57DyAMNR5HIDOpbXHP3PJOtTBu9usOAXiod8t+LQtN5excTQ3uMeG/8JSvXFPSL3EbehdpUqCFjZi7ea8T0lmxFj1pKfxfYIz6rGN+WpUfOuN43y+KkNK/L8OUaeX1Yj1PN74JNUxhRm1l1gr+uYaLJ2dcDSHTW6scDL1CSTC5cr3CIiODX/fL3vwojgYOP3UOECHVBVZ0DY7hCodHT7cTn9Ak= Satya.Yannamani@CornellThompson-MacBook-Pro\n",
                "username": "adminuser"
              }
            ],
            "admin_username": "adminuser",
            "allow_extension_operations": true,
            "availability_set_id": "",
            "boot_diagnostics": [],
            "bypass_platform_safety_checks_on_user_schedule_enabled": false,
            "capacity_reservation_group_id": "",
            "computer_name": "cloudiq-vm-0",
            "custom_data": null,
            "dedicated_host_group_id": "",
            "dedicated_host_id": "",
            "disable_password_authentication": true,
            "edge_zone": "",
            "encryption_at_host_enabled": false,
            "eviction_policy": "",
            "extensions_time_budget": "PT1H30M",
            "gallery_application": [],
            "id": "/subscriptions/affa6ce1-a29d-40ed-8e0a-e7fbeb0361eb/resourceGroups/CloudIQ-Resource-Group1/providers/Microsoft.Compute/virtualMachines/cloudiq-vm-0",
            "identity": [],
            "license_type": "",
            "location": "eastus",
            "max_bid_price": -1,
            "name": "cloudiq-vm-0",
            "network_interface_ids": [
              "/subscriptions/affa6ce1-a29d-40ed-8e0a-e7fbeb0361eb/resourceGroups/CloudIQ-Resource-Group1/providers/Microsoft.Network/networkInterfaces/cloudiq-nic-0"
            ],
            "os_disk": [
              {
                "caching": "ReadWrite",
                "diff_disk_settings": [],
                "disk_encryption_set_id": "",
                "disk_size_gb": 30,
                "name": "cloudiq-vm-0_disk1_c2031fe7662b4cd3a4d1f5470962e6b7",
                "secure_vm_disk_encryption_set_id": "",
                "security_encryption_type": "",
                "storage_account_type": "Standard_LRS",
                "write_accelerator_enabled": false
              }
            ],
            "patch_assessment_mode": "ImageDefault",
            "patch_mode": "ImageDefault",
            "plan": [],
            "platform_fault_domain": -1,
            "priority": "Regular",
            "private_ip_address": "172.0.0.4",
            "private_ip_addresses": [
              "172.0.0.4"
            ],
            "provision_vm_agent": true,
            "proximity_placement_group_id": "",
            "public_ip_address": "",
            "public_ip_addresses": [],
            "reboot_setting": "",
            "resource_group_name": "CloudIQ-Resource-Group1",
            "secret": [],
            "secure_boot_enabled": false,
            "size": "Standard_DS1_v2",
            "source_image_id": "",
            "source_image_reference": [
              {
                "offer": "UbuntuServer",
                "publisher": "Canonical",
                "sku": "18.04-LTS",
                "version": "latest"
              }
            ],
            "tags": null,
            "termination_notification": null,
            "timeouts": null,
            "user_data": "",
            "virtual_machine_id": "a25ccd1f-06a6-41a0-b503-d0da05896650",
            "virtual_machine_scale_set_id": "",
            "vtpm_enabled": false,
            "zone": ""
          },
          "sensitive_attributes": [],
          "private": "eyJlMmJmYjczMC1lY2FhLTExZTYtOGY4OC0zNDM2M2JjN2M0YzAiOnsiY3JlYXRlIjoyNzAwMDAwMDAwMDAwLCJkZWxldGUiOjI3MDAwMDAwMDAwMDAsInJlYWQiOjMwMDAwMDAwMDAwMCwidXBkYXRlIjoyNzAwMDAwMDAwMDAwfX0=",
          "dependencies": [
            "azurerm_network_interface.cloudiq_nic",
            "azurerm_resource_group.cloudiq_rg",
            "azurerm_subnet.cloudiq_subnet",
            "azurerm_virtual_network.cloudiq_vnet"
          ]
        },
        {
          "index_key": 1,
          "schema_version": 0,
          "attributes": {
            "additional_capabilities": [],
            "admin_password": null,
            "admin_ssh_key": [
              {
                "public_key": "ssh-rsa AAAAB3NzaC1yc2EAAAADAQABAAABgQDf6SmtHGye5eSQmoaPNax9gP+mw+bBoitD0jpmBOVQczrWaem6XtRsiMUaZ/vc5GBNIDfoTcFqGPsoEZwmbTCj7rc3EtGZ3OLMfBpxy3mEb6q2tvfjuJf2rIzYCeRkhsdibaO2piuw5LceenEmqjqNqfFt62Kq5rAhuPJw/r0q6MKr0fL/28bWQaOrlWpF+P/9awZPmuNRTryFJ8AqmJEhs9dXglf+4fXD2CT7cI3tSB9+JGSxzdkcZi1tuxD0jFJcT/cNXW414c4Mz3N4KKh9U/ZDTNW5iRjuNfsSA57DyAMNR5HIDOpbXHP3PJOtTBu9usOAXiod8t+LQtN5excTQ3uMeG/8JSvXFPSL3EbehdpUqCFjZi7ea8T0lmxFj1pKfxfYIz6rGN+WpUfOuN43y+KkNK/L8OUaeX1Yj1PN74JNUxhRm1l1gr+uYaLJ2dcDSHTW6scDL1CSTC5cr3CIiODX/fL3vwojgYOP3UOECHVBVZ0DY7hCodHT7cTn9Ak= Satya.Yannamani@CornellThompson-MacBook-Pro\n",
                "username": "adminuser"
              }
            ],
            "admin_username": "adminuser",
            "allow_extension_operations": true,
            "availability_set_id": "",
            "boot_diagnostics": [],
            "bypass_platform_safety_checks_on_user_schedule_enabled": false,
            "capacity_reservation_group_id": "",
            "computer_name": "cloudiq-vm-1",
            "custom_data": null,
            "dedicated_host_group_id": "",
            "dedicated_host_id": "",
            "disable_password_authentication": true,
            "edge_zone": "",
            "encryption_at_host_enabled": false,
            "eviction_policy": "",
            "extensions_time_budget": "PT1H30M",
            "gallery_application": [],
            "id": "/subscriptions/affa6ce1-a29d-40ed-8e0a-e7fbeb0361eb/resourceGroups/CloudIQ-Resource-Group1/providers/Microsoft.Compute/virtualMachines/cloudiq-vm-1",
            "identity": [],
            "license_type": "",
            "location": "eastus",
            "max_bid_price": -1,
            "name": "cloudiq-vm-1",
            "network_interface_ids": [
              "/subscriptions/affa6ce1-a29d-40ed-8e0a-e7fbeb0361eb/resourceGroups/CloudIQ-Resource-Group1/providers/Microsoft.Network/networkInterfaces/cloudiq-nic-1"
            ],
            "os_disk": [
              {
                "caching": "ReadWrite",
                "diff_disk_settings": [],
                "disk_encryption_set_id": "",
                "disk_size_gb": 30,
                "name": "cloudiq-vm-1_disk1_5be2bea0a70b4e2ba9bd3a80c26a4233",
                "secure_vm_disk_encryption_set_id": "",
                "security_encryption_type": "",
                "storage_account_type": "Standard_LRS",
                "write_accelerator_enabled": false
              }
            ],
            "patch_assessment_mode": "ImageDefault",
            "patch_mode": "ImageDefault",
            "plan": [],
            "platform_fault_domain": -1,
            "priority": "Regular",
            "private_ip_address": "172.0.1.4",
            "private_ip_addresses": [
              "172.0.1.4"
            ],
            "provision_vm_agent": true,
            "proximity_placement_group_id": "",
            "public_ip_address": "",
            "public_ip_addresses": [],
            "reboot_setting": "",
            "resource_group_name": "CloudIQ-Resource-Group1",
            "secret": [],
            "secure_boot_enabled": false,
            "size": "Standard_DS1_v2",
            "source_image_id": "",
            "source_image_reference": [
              {
                "offer": "UbuntuServer",
                "publisher": "Canonical",
                "sku": "18.04-LTS",
                "version": "latest"
              }
            ],
            "tags": null,
            "termination_notification": null,
            "timeouts": null,
            "user_data": "",
            "virtual_machine_id": "ef94bfa0-09d1-4c8c-a0eb-56406179b031",
            "virtual_machine_scale_set_id": "",
            "vtpm_enabled": false,
            "zone": ""
          },
          "sensitive_attributes": [],
          "private": "eyJlMmJmYjczMC1lY2FhLTExZTYtOGY4OC0zNDM2M2JjN2M0YzAiOnsiY3JlYXRlIjoyNzAwMDAwMDAwMDAwLCJkZWxldGUiOjI3MDAwMDAwMDAwMDAsInJlYWQiOjMwMDAwMDAwMDAwMCwidXBkYXRlIjoyNzAwMDAwMDAwMDAwfX0=",
          "dependencies": [
            "azurerm_network_interface.cloudiq_nic",
            "azurerm_resource_group.cloudiq_rg",
            "azurerm_subnet.cloudiq_subnet",
            "azurerm_virtual_network.cloudiq_vnet"
          ]
        },
        {
          "index_key": 2,
          "schema_version": 0,
          "attributes": {
            "additional_capabilities": [],
            "admin_password": null,
            "admin_ssh_key": [
              {
                "public_key": "ssh-rsa AAAAB3NzaC1yc2EAAAADAQABAAABgQDf6SmtHGye5eSQmoaPNax9gP+mw+bBoitD0jpmBOVQczrWaem6XtRsiMUaZ/vc5GBNIDfoTcFqGPsoEZwmbTCj7rc3EtGZ3OLMfBpxy3mEb6q2tvfjuJf2rIzYCeRkhsdibaO2piuw5LceenEmqjqNqfFt62Kq5rAhuPJw/r0q6MKr0fL/28bWQaOrlWpF+P/9awZPmuNRTryFJ8AqmJEhs9dXglf+4fXD2CT7cI3tSB9+JGSxzdkcZi1tuxD0jFJcT/cNXW414c4Mz3N4KKh9U/ZDTNW5iRjuNfsSA57DyAMNR5HIDOpbXHP3PJOtTBu9usOAXiod8t+LQtN5excTQ3uMeG/8JSvXFPSL3EbehdpUqCFjZi7ea8T0lmxFj1pKfxfYIz6rGN+WpUfOuN43y+KkNK/L8OUaeX1Yj1PN74JNUxhRm1l1gr+uYaLJ2dcDSHTW6scDL1CSTC5cr3CIiODX/fL3vwojgYOP3UOECHVBVZ0DY7hCodHT7cTn9Ak= Satya.Yannamani@CornellThompson-MacBook-Pro\n",
                "username": "adminuser"
              }
            ],
            "admin_username": "adminuser",
            "allow_extension_operations": true,
            "availability_set_id": "",
            "boot_diagnostics": [],
            "bypass_platform_safety_checks_on_user_schedule_enabled": false,
            "capacity_reservation_group_id": "",
            "computer_name": "cloudiq-vm-2",
            "custom_data": null,
            "dedicated_host_group_id": "",
            "dedicated_host_id": "",
            "disable_password_authentication": true,
            "edge_zone": "",
            "encryption_at_host_enabled": false,
            "eviction_policy": "",
            "extensions_time_budget": "PT1H30M",
            "gallery_application": [],
            "id": "/subscriptions/affa6ce1-a29d-40ed-8e0a-e7fbeb0361eb/resourceGroups/CloudIQ-Resource-Group1/providers/Microsoft.Compute/virtualMachines/cloudiq-vm-2",
            "identity": [],
            "license_type": "",
            "location": "eastus",
            "max_bid_price": -1,
            "name": "cloudiq-vm-2",
            "network_interface_ids": [
              "/subscriptions/affa6ce1-a29d-40ed-8e0a-e7fbeb0361eb/resourceGroups/CloudIQ-Resource-Group1/providers/Microsoft.Network/networkInterfaces/cloudiq-nic-2"
            ],
            "os_disk": [
              {
                "caching": "ReadWrite",
                "diff_disk_settings": [],
                "disk_encryption_set_id": "",
                "disk_size_gb": 30,
                "name": "cloudiq-vm-2_disk1_c9b2ac68f76a4d4e8d9c820f01301106",
                "secure_vm_disk_encryption_set_id": "",
                "security_encryption_type": "",
                "storage_account_type": "Standard_LRS",
                "write_accelerator_enabled": false
              }
            ],
            "patch_assessment_mode": "ImageDefault",
            "patch_mode": "ImageDefault",
            "plan": [],
            "platform_fault_domain": -1,
            "priority": "Regular",
            "private_ip_address": "172.0.2.4",
            "private_ip_addresses": [
              "172.0.2.4"
            ],
            "provision_vm_agent": true,
            "proximity_placement_group_id": "",
            "public_ip_address": "",
            "public_ip_addresses": [],
            "reboot_setting": "",
            "resource_group_name": "CloudIQ-Resource-Group1",
            "secret": [],
            "secure_boot_enabled": false,
            "size": "Standard_DS1_v2",
            "source_image_id": "",
            "source_image_reference": [
              {
                "offer": "UbuntuServer",
                "publisher": "Canonical",
                "sku": "18.04-LTS",
                "version": "latest"
              }
            ],
            "tags": null,
            "termination_notification": null,
            "timeouts": null,
            "user_data": "",
            "virtual_machine_id": "9a1b8059-f650-4488-ba5d-6209c9f2b4da",
            "virtual_machine_scale_set_id": "",
            "vtpm_enabled": false,
            "zone": ""
          },
          "sensitive_attributes": [],
          "private": "eyJlMmJmYjczMC1lY2FhLTExZTYtOGY4OC0zNDM2M2JjN2M0YzAiOnsiY3JlYXRlIjoyNzAwMDAwMDAwMDAwLCJkZWxldGUiOjI3MDAwMDAwMDAwMDAsInJlYWQiOjMwMDAwMDAwMDAwMCwidXBkYXRlIjoyNzAwMDAwMDAwMDAwfX0=",
          "dependencies": [
            "azurerm_network_interface.cloudiq_nic",
            "azurerm_resource_group.cloudiq_rg",
            "azurerm_subnet.cloudiq_subnet",
            "azurerm_virtual_network.cloudiq_vnet"
          ]
        },
        {
          "index_key": 3,
          "schema_version": 0,
          "attributes": {
            "additional_capabilities": [],
            "admin_password": null,
            "admin_ssh_key": [
              {
                "public_key": "ssh-rsa AAAAB3NzaC1yc2EAAAADAQABAAABgQDf6SmtHGye5eSQmoaPNax9gP+mw+bBoitD0jpmBOVQczrWaem6XtRsiMUaZ/vc5GBNIDfoTcFqGPsoEZwmbTCj7rc3EtGZ3OLMfBpxy3mEb6q2tvfjuJf2rIzYCeRkhsdibaO2piuw5LceenEmqjqNqfFt62Kq5rAhuPJw/r0q6MKr0fL/28bWQaOrlWpF+P/9awZPmuNRTryFJ8AqmJEhs9dXglf+4fXD2CT7cI3tSB9+JGSxzdkcZi1tuxD0jFJcT/cNXW414c4Mz3N4KKh9U/ZDTNW5iRjuNfsSA57DyAMNR5HIDOpbXHP3PJOtTBu9usOAXiod8t+LQtN5excTQ3uMeG/8JSvXFPSL3EbehdpUqCFjZi7ea8T0lmxFj1pKfxfYIz6rGN+WpUfOuN43y+KkNK/L8OUaeX1Yj1PN74JNUxhRm1l1gr+uYaLJ2dcDSHTW6scDL1CSTC5cr3CIiODX/fL3vwojgYOP3UOECHVBVZ0DY7hCodHT7cTn9Ak= Satya.Yannamani@CornellThompson-MacBook-Pro\n",
                "username": "adminuser"
              }
            ],
            "admin_username": "adminuser",
            "allow_extension_operations": true,
            "availability_set_id": "",
            "boot_diagnostics": [],
            "bypass_platform_safety_checks_on_user_schedule_enabled": false,
            "capacity_reservation_group_id": "",
            "computer_name": "cloudiq-vm-3",
            "custom_data": null,
            "dedicated_host_group_id": "",
            "dedicated_host_id": "",
            "disable_password_authentication": true,
            "edge_zone": "",
            "encryption_at_host_enabled": false,
            "eviction_policy": "",
            "extensions_time_budget": "PT1H30M",
            "gallery_application": [],
            "id": "/subscriptions/affa6ce1-a29d-40ed-8e0a-e7fbeb0361eb/resourceGroups/CloudIQ-Resource-Group1/providers/Microsoft.Compute/virtualMachines/cloudiq-vm-3",
            "identity": [],
            "license_type": "",
            "location": "eastus",
            "max_bid_price": -1,
            "name": "cloudiq-vm-3",
            "network_interface_ids": [
              "/subscriptions/affa6ce1-a29d-40ed-8e0a-e7fbeb0361eb/resourceGroups/CloudIQ-Resource-Group1/providers/Microsoft.Network/networkInterfaces/cloudiq-nic-3"
            ],
            "os_disk": [
              {
                "caching": "ReadWrite",
                "diff_disk_settings": [],
                "disk_encryption_set_id": "",
                "disk_size_gb": 30,
                "name": "cloudiq-vm-3_disk1_cd71a5cb1f24458fa52a72250b8bf44a",
                "secure_vm_disk_encryption_set_id": "",
                "security_encryption_type": "",
                "storage_account_type": "Standard_LRS",
                "write_accelerator_enabled": false
              }
            ],
            "patch_assessment_mode": "ImageDefault",
            "patch_mode": "ImageDefault",
            "plan": [],
            "platform_fault_domain": -1,
            "priority": "Regular",
            "private_ip_address": "172.0.3.4",
            "private_ip_addresses": [
              "172.0.3.4"
            ],
            "provision_vm_agent": true,
            "proximity_placement_group_id": "",
            "public_ip_address": "",
            "public_ip_addresses": [],
            "reboot_setting": "",
            "resource_group_name": "CloudIQ-Resource-Group1",
            "secret": [],
            "secure_boot_enabled": false,
            "size": "Standard_DS1_v2",
            "source_image_id": "",
            "source_image_reference": [
              {
                "offer": "UbuntuServer",
                "publisher": "Canonical",
                "sku": "18.04-LTS",
                "version": "latest"
              }
            ],
            "tags": null,
            "termination_notification": null,
            "timeouts": null,
            "user_data": "",
            "virtual_machine_id": "5765294c-61bc-40ff-a25f-17e3c995babb",
            "virtual_machine_scale_set_id": "",
            "vtpm_enabled": false,
            "zone": ""
          },
          "sensitive_attributes": [],
          "private": "eyJlMmJmYjczMC1lY2FhLTExZTYtOGY4OC0zNDM2M2JjN2M0YzAiOnsiY3JlYXRlIjoyNzAwMDAwMDAwMDAwLCJkZWxldGUiOjI3MDAwMDAwMDAwMDAsInJlYWQiOjMwMDAwMDAwMDAwMCwidXBkYXRlIjoyNzAwMDAwMDAwMDAwfX0=",
          "dependencies": [
            "azurerm_network_interface.cloudiq_nic",
            "azurerm_resource_group.cloudiq_rg",
            "azurerm_subnet.cloudiq_subnet",
            "azurerm_virtual_network.cloudiq_vnet"
          ]
        }
      ]
    },
    {
      "mode": "managed",
      "type": "azurerm_network_interface",
      "name": "cloudiq_nic",
      "provider": "provider[\"registry.terraform.io/hashicorp/azurerm\"]",
      "instances": [
        {
          "index_key": 0,
          "schema_version": 0,
          "attributes": {
            "applied_dns_servers": [],
            "auxiliary_mode": "",
            "auxiliary_sku": "",
            "dns_servers": [],
            "edge_zone": "",
            "enable_accelerated_networking": false,
            "enable_ip_forwarding": false,
            "id": "/subscriptions/affa6ce1-a29d-40ed-8e0a-e7fbeb0361eb/resourceGroups/CloudIQ-Resource-Group1/providers/Microsoft.Network/networkInterfaces/cloudiq-nic-0",
            "internal_dns_name_label": "",
            "internal_domain_name_suffix": "rowannyd2o4erbrvhovlhhndwa.bx.internal.cloudapp.net",
            "ip_configuration": [
              {
                "gateway_load_balancer_frontend_ip_configuration_id": "",
                "name": "internal",
                "primary": true,
                "private_ip_address": "172.0.0.4",
                "private_ip_address_allocation": "Dynamic",
                "private_ip_address_version": "IPv4",
                "public_ip_address_id": "",
                "subnet_id": "/subscriptions/affa6ce1-a29d-40ed-8e0a-e7fbeb0361eb/resourceGroups/CloudIQ-Resource-Group1/providers/Microsoft.Network/virtualNetworks/CloudIQ-Sample-VPC/subnets/CloudIQ-Private-Subnet-1"
              }
            ],
            "location": "eastus",
            "mac_address": "",
            "name": "cloudiq-nic-0",
            "private_ip_address": "172.0.0.4",
            "private_ip_addresses": [
              "172.0.0.4"
            ],
            "resource_group_name": "CloudIQ-Resource-Group1",
            "tags": null,
            "timeouts": null,
            "virtual_machine_id": ""
          },
          "sensitive_attributes": [],
          "private": "eyJlMmJmYjczMC1lY2FhLTExZTYtOGY4OC0zNDM2M2JjN2M0YzAiOnsiY3JlYXRlIjoxODAwMDAwMDAwMDAwLCJkZWxldGUiOjE4MDAwMDAwMDAwMDAsInJlYWQiOjMwMDAwMDAwMDAwMCwidXBkYXRlIjoxODAwMDAwMDAwMDAwfX0=",
          "dependencies": [
            "azurerm_resource_group.cloudiq_rg",
            "azurerm_subnet.cloudiq_subnet",
            "azurerm_virtual_network.cloudiq_vnet"
          ]
        },
        {
          "index_key": 1,
          "schema_version": 0,
          "attributes": {
            "applied_dns_servers": [],
            "auxiliary_mode": "",
            "auxiliary_sku": "",
            "dns_servers": [],
            "edge_zone": "",
            "enable_accelerated_networking": false,
            "enable_ip_forwarding": false,
            "id": "/subscriptions/affa6ce1-a29d-40ed-8e0a-e7fbeb0361eb/resourceGroups/CloudIQ-Resource-Group1/providers/Microsoft.Network/networkInterfaces/cloudiq-nic-1",
            "internal_dns_name_label": "",
            "internal_domain_name_suffix": "rowannyd2o4erbrvhovlhhndwa.bx.internal.cloudapp.net",
            "ip_configuration": [
              {
                "gateway_load_balancer_frontend_ip_configuration_id": "",
                "name": "internal",
                "primary": true,
                "private_ip_address": "172.0.1.4",
                "private_ip_address_allocation": "Dynamic",
                "private_ip_address_version": "IPv4",
                "public_ip_address_id": "",
                "subnet_id": "/subscriptions/affa6ce1-a29d-40ed-8e0a-e7fbeb0361eb/resourceGroups/CloudIQ-Resource-Group1/providers/Microsoft.Network/virtualNetworks/CloudIQ-Sample-VPC/subnets/CloudIQ-Private-Subnet-2"
              }
            ],
            "location": "eastus",
            "mac_address": "",
            "name": "cloudiq-nic-1",
            "private_ip_address": "172.0.1.4",
            "private_ip_addresses": [
              "172.0.1.4"
            ],
            "resource_group_name": "CloudIQ-Resource-Group1",
            "tags": null,
            "timeouts": null,
            "virtual_machine_id": ""
          },
          "sensitive_attributes": [],
          "private": "eyJlMmJmYjczMC1lY2FhLTExZTYtOGY4OC0zNDM2M2JjN2M0YzAiOnsiY3JlYXRlIjoxODAwMDAwMDAwMDAwLCJkZWxldGUiOjE4MDAwMDAwMDAwMDAsInJlYWQiOjMwMDAwMDAwMDAwMCwidXBkYXRlIjoxODAwMDAwMDAwMDAwfX0=",
          "dependencies": [
            "azurerm_resource_group.cloudiq_rg",
            "azurerm_subnet.cloudiq_subnet",
            "azurerm_virtual_network.cloudiq_vnet"
          ]
        },
        {
          "index_key": 2,
          "schema_version": 0,
          "attributes": {
            "applied_dns_servers": [],
            "auxiliary_mode": "",
            "auxiliary_sku": "",
            "dns_servers": [],
            "edge_zone": "",
            "enable_accelerated_networking": false,
            "enable_ip_forwarding": false,
            "id": "/subscriptions/affa6ce1-a29d-40ed-8e0a-e7fbeb0361eb/resourceGroups/CloudIQ-Resource-Group1/providers/Microsoft.Network/networkInterfaces/cloudiq-nic-2",
            "internal_dns_name_label": "",
            "internal_domain_name_suffix": "rowannyd2o4erbrvhovlhhndwa.bx.internal.cloudapp.net",
            "ip_configuration": [
              {
                "gateway_load_balancer_frontend_ip_configuration_id": "",
                "name": "internal",
                "primary": true,
                "private_ip_address": "172.0.2.4",
                "private_ip_address_allocation": "Dynamic",
                "private_ip_address_version": "IPv4",
                "public_ip_address_id": "",
                "subnet_id": "/subscriptions/affa6ce1-a29d-40ed-8e0a-e7fbeb0361eb/resourceGroups/CloudIQ-Resource-Group1/providers/Microsoft.Network/virtualNetworks/CloudIQ-Sample-VPC/subnets/CloudIQ-Public-Subnet-1"
              }
            ],
            "location": "eastus",
            "mac_address": "",
            "name": "cloudiq-nic-2",
            "private_ip_address": "172.0.2.4",
            "private_ip_addresses": [
              "172.0.2.4"
            ],
            "resource_group_name": "CloudIQ-Resource-Group1",
            "tags": null,
            "timeouts": null,
            "virtual_machine_id": ""
          },
          "sensitive_attributes": [],
          "private": "eyJlMmJmYjczMC1lY2FhLTExZTYtOGY4OC0zNDM2M2JjN2M0YzAiOnsiY3JlYXRlIjoxODAwMDAwMDAwMDAwLCJkZWxldGUiOjE4MDAwMDAwMDAwMDAsInJlYWQiOjMwMDAwMDAwMDAwMCwidXBkYXRlIjoxODAwMDAwMDAwMDAwfX0=",
          "dependencies": [
            "azurerm_resource_group.cloudiq_rg",
            "azurerm_subnet.cloudiq_subnet",
            "azurerm_virtual_network.cloudiq_vnet"
          ]
        },
        {
          "index_key": 3,
          "schema_version": 0,
          "attributes": {
            "applied_dns_servers": [],
            "auxiliary_mode": "",
            "auxiliary_sku": "",
            "dns_servers": [],
            "edge_zone": "",
            "enable_accelerated_networking": false,
            "enable_ip_forwarding": false,
            "id": "/subscriptions/affa6ce1-a29d-40ed-8e0a-e7fbeb0361eb/resourceGroups/CloudIQ-Resource-Group1/providers/Microsoft.Network/networkInterfaces/cloudiq-nic-3",
            "internal_dns_name_label": "",
            "internal_domain_name_suffix": "rowannyd2o4erbrvhovlhhndwa.bx.internal.cloudapp.net",
            "ip_configuration": [
              {
                "gateway_load_balancer_frontend_ip_configuration_id": "",
                "name": "internal",
                "primary": true,
                "private_ip_address": "172.0.3.4",
                "private_ip_address_allocation": "Dynamic",
                "private_ip_address_version": "IPv4",
                "public_ip_address_id": "",
                "subnet_id": "/subscriptions/affa6ce1-a29d-40ed-8e0a-e7fbeb0361eb/resourceGroups/CloudIQ-Resource-Group1/providers/Microsoft.Network/virtualNetworks/CloudIQ-Sample-VPC/subnets/CloudIQ-Public-Subnet-2"
              }
            ],
            "location": "eastus",
            "mac_address": "",
            "name": "cloudiq-nic-3",
            "private_ip_address": "172.0.3.4",
            "private_ip_addresses": [
              "172.0.3.4"
            ],
            "resource_group_name": "CloudIQ-Resource-Group1",
            "tags": null,
            "timeouts": null,
            "virtual_machine_id": ""
          },
          "sensitive_attributes": [],
          "private": "eyJlMmJmYjczMC1lY2FhLTExZTYtOGY4OC0zNDM2M2JjN2M0YzAiOnsiY3JlYXRlIjoxODAwMDAwMDAwMDAwLCJkZWxldGUiOjE4MDAwMDAwMDAwMDAsInJlYWQiOjMwMDAwMDAwMDAwMCwidXBkYXRlIjoxODAwMDAwMDAwMDAwfX0=",
          "dependencies": [
            "azurerm_resource_group.cloudiq_rg",
            "azurerm_subnet.cloudiq_subnet",
            "azurerm_virtual_network.cloudiq_vnet"
          ]
        }
      ]
    },
    {
      "mode": "managed",
      "type": "azurerm_resource_group",
      "name": "cloudiq_rg",
      "provider": "provider[\"registry.terraform.io/hashicorp/azurerm\"]",
      "instances": [
        {
          "schema_version": 0,
          "attributes": {
            "id": "/subscriptions/affa6ce1-a29d-40ed-8e0a-e7fbeb0361eb/resourceGroups/CloudIQ-Resource-Group1",
            "location": "eastus",
            "managed_by": "",
            "name": "CloudIQ-Resource-Group1",
            "tags": null,
            "timeouts": null
          },
          "sensitive_attributes": [],
          "private": "eyJlMmJmYjczMC1lY2FhLTExZTYtOGY4OC0zNDM2M2JjN2M0YzAiOnsiY3JlYXRlIjo1NDAwMDAwMDAwMDAwLCJkZWxldGUiOjU0MDAwMDAwMDAwMDAsInJlYWQiOjMwMDAwMDAwMDAwMCwidXBkYXRlIjo1NDAwMDAwMDAwMDAwfX0="
        }
      ]
    },
    {
      "mode": "managed",
      "type": "azurerm_subnet",
      "name": "cloudiq_subnet",
      "provider": "provider[\"registry.terraform.io/hashicorp/azurerm\"]",
      "instances": [
        {
          "index_key": 0,
          "schema_version": 0,
          "attributes": {
            "address_prefixes": [
              "172.0.0.0/24"
            ],
            "delegation": [],
            "enforce_private_link_endpoint_network_policies": false,
            "enforce_private_link_service_network_policies": false,
            "id": "/subscriptions/affa6ce1-a29d-40ed-8e0a-e7fbeb0361eb/resourceGroups/CloudIQ-Resource-Group1/providers/Microsoft.Network/virtualNetworks/CloudIQ-Sample-VPC/subnets/CloudIQ-Private-Subnet-1",
            "name": "CloudIQ-Private-Subnet-1",
            "private_endpoint_network_policies_enabled": true,
            "private_link_service_network_policies_enabled": true,
            "resource_group_name": "CloudIQ-Resource-Group1",
            "service_endpoint_policy_ids": null,
            "service_endpoints": null,
            "timeouts": null,
            "virtual_network_name": "CloudIQ-Sample-VPC"
          },
          "sensitive_attributes": [],
          "private": "eyJlMmJmYjczMC1lY2FhLTExZTYtOGY4OC0zNDM2M2JjN2M0YzAiOnsiY3JlYXRlIjoxODAwMDAwMDAwMDAwLCJkZWxldGUiOjE4MDAwMDAwMDAwMDAsInJlYWQiOjMwMDAwMDAwMDAwMCwidXBkYXRlIjoxODAwMDAwMDAwMDAwfX0=",
          "dependencies": [
            "azurerm_resource_group.cloudiq_rg",
            "azurerm_virtual_network.cloudiq_vnet"
          ]
        },
        {
          "index_key": 1,
          "schema_version": 0,
          "attributes": {
            "address_prefixes": [
              "172.0.1.0/24"
            ],
            "delegation": [],
            "enforce_private_link_endpoint_network_policies": false,
            "enforce_private_link_service_network_policies": false,
            "id": "/subscriptions/affa6ce1-a29d-40ed-8e0a-e7fbeb0361eb/resourceGroups/CloudIQ-Resource-Group1/providers/Microsoft.Network/virtualNetworks/CloudIQ-Sample-VPC/subnets/CloudIQ-Private-Subnet-2",
            "name": "CloudIQ-Private-Subnet-2",
            "private_endpoint_network_policies_enabled": true,
            "private_link_service_network_policies_enabled": true,
            "resource_group_name": "CloudIQ-Resource-Group1",
            "service_endpoint_policy_ids": null,
            "service_endpoints": null,
            "timeouts": null,
            "virtual_network_name": "CloudIQ-Sample-VPC"
          },
          "sensitive_attributes": [],
          "private": "eyJlMmJmYjczMC1lY2FhLTExZTYtOGY4OC0zNDM2M2JjN2M0YzAiOnsiY3JlYXRlIjoxODAwMDAwMDAwMDAwLCJkZWxldGUiOjE4MDAwMDAwMDAwMDAsInJlYWQiOjMwMDAwMDAwMDAwMCwidXBkYXRlIjoxODAwMDAwMDAwMDAwfX0=",
          "dependencies": [
            "azurerm_resource_group.cloudiq_rg",
            "azurerm_virtual_network.cloudiq_vnet"
          ]
        },
        {
          "index_key": 2,
          "schema_version": 0,
          "attributes": {
            "address_prefixes": [
              "172.0.2.0/24"
            ],
            "delegation": [],
            "enforce_private_link_endpoint_network_policies": false,
            "enforce_private_link_service_network_policies": false,
            "id": "/subscriptions/affa6ce1-a29d-40ed-8e0a-e7fbeb0361eb/resourceGroups/CloudIQ-Resource-Group1/providers/Microsoft.Network/virtualNetworks/CloudIQ-Sample-VPC/subnets/CloudIQ-Public-Subnet-1",
            "name": "CloudIQ-Public-Subnet-1",
            "private_endpoint_network_policies_enabled": true,
            "private_link_service_network_policies_enabled": true,
            "resource_group_name": "CloudIQ-Resource-Group1",
            "service_endpoint_policy_ids": null,
            "service_endpoints": null,
            "timeouts": null,
            "virtual_network_name": "CloudIQ-Sample-VPC"
          },
          "sensitive_attributes": [],
          "private": "eyJlMmJmYjczMC1lY2FhLTExZTYtOGY4OC0zNDM2M2JjN2M0YzAiOnsiY3JlYXRlIjoxODAwMDAwMDAwMDAwLCJkZWxldGUiOjE4MDAwMDAwMDAwMDAsInJlYWQiOjMwMDAwMDAwMDAwMCwidXBkYXRlIjoxODAwMDAwMDAwMDAwfX0=",
          "dependencies": [
            "azurerm_resource_group.cloudiq_rg",
            "azurerm_virtual_network.cloudiq_vnet"
          ]
        },
        {
          "index_key": 3,
          "schema_version": 0,
          "attributes": {
            "address_prefixes": [
              "172.0.3.0/24"
            ],
            "delegation": [],
            "enforce_private_link_endpoint_network_policies": false,
            "enforce_private_link_service_network_policies": false,
            "id": "/subscriptions/affa6ce1-a29d-40ed-8e0a-e7fbeb0361eb/resourceGroups/CloudIQ-Resource-Group1/providers/Microsoft.Network/virtualNetworks/CloudIQ-Sample-VPC/subnets/CloudIQ-Public-Subnet-2",
            "name": "CloudIQ-Public-Subnet-2",
            "private_endpoint_network_policies_enabled": true,
            "private_link_service_network_policies_enabled": true,
            "resource_group_name": "CloudIQ-Resource-Group1",
            "service_endpoint_policy_ids": null,
            "service_endpoints": null,
            "timeouts": null,
            "virtual_network_name": "CloudIQ-Sample-VPC"
          },
          "sensitive_attributes": [],
          "private": "eyJlMmJmYjczMC1lY2FhLTExZTYtOGY4OC0zNDM2M2JjN2M0YzAiOnsiY3JlYXRlIjoxODAwMDAwMDAwMDAwLCJkZWxldGUiOjE4MDAwMDAwMDAwMDAsInJlYWQiOjMwMDAwMDAwMDAwMCwidXBkYXRlIjoxODAwMDAwMDAwMDAwfX0=",
          "dependencies": [
            "azurerm_resource_group.cloudiq_rg",
            "azurerm_virtual_network.cloudiq_vnet"
          ]
        }
      ]
    },
    {
      "mode": "managed",
      "type": "azurerm_virtual_network",
      "name": "cloudiq_vnet",
      "provider": "provider[\"registry.terraform.io/hashicorp/azurerm\"]",
      "instances": [
        {
          "schema_version": 0,
          "attributes": {
            "address_space": [
              "172.0.0.0/16"
            ],
            "bgp_community": "",
            "ddos_protection_plan": [],
            "dns_servers": [],
            "edge_zone": "",
            "encryption": [],
            "flow_timeout_in_minutes": 0,
            "guid": "b706ac8b-e303-48bc-8635-3baab39da3b0",
            "id": "/subscriptions/affa6ce1-a29d-40ed-8e0a-e7fbeb0361eb/resourceGroups/CloudIQ-Resource-Group1/providers/Microsoft.Network/virtualNetworks/CloudIQ-Sample-VPC",
            "location": "eastus",
            "name": "CloudIQ-Sample-VPC",
            "resource_group_name": "CloudIQ-Resource-Group1",
            "subnet": [],
            "tags": null,
            "timeouts": null
          },
          "sensitive_attributes": [],
          "private": "eyJlMmJmYjczMC1lY2FhLTExZTYtOGY4OC0zNDM2M2JjN2M0YzAiOnsiY3JlYXRlIjoxODAwMDAwMDAwMDAwLCJkZWxldGUiOjE4MDAwMDAwMDAwMDAsInJlYWQiOjMwMDAwMDAwMDAwMCwidXBkYXRlIjoxODAwMDAwMDAwMDAwfX0=",
          "dependencies": [
            "azurerm_resource_group.cloudiq_rg"
          ]
        }
      ]
    }
  ]
}
